// !$*UTF8*$!
{
	archiveVersion = 1;
	classes = {
	};
	objectVersion = 56;
	objects = {

/* Begin PBXBuildFile section */
		9F325B2A2C05A1A60057627E /* ActivitiesData.json in Resources */ = {isa = PBXBuildFile; fileRef = 9F3A84542BDDA897005EFCF6 /* ActivitiesData.json */; };
		9F325B2F2C0632860057627E /* PhotoLibraryPicker.swift in Sources */ = {isa = PBXBuildFile; fileRef = 9F325B2E2C0632860057627E /* PhotoLibraryPicker.swift */; };
		9F325B312C0632BE0057627E /* CameraPicker.swift in Sources */ = {isa = PBXBuildFile; fileRef = 9F325B302C0632BE0057627E /* CameraPicker.swift */; };
		9F3A844B2BDD9144005EFCF6 /* Activities.swift in Sources */ = {isa = PBXBuildFile; fileRef = 9F3A844A2BDD9144005EFCF6 /* Activities.swift */; };
		9F3A844F2BDD94D8005EFCF6 /* Favorites.swift in Sources */ = {isa = PBXBuildFile; fileRef = 9F3A844E2BDD94D8005EFCF6 /* Favorites.swift */; };
		9F3A84532BDD97E1005EFCF6 /* ActivityDetails.swift in Sources */ = {isa = PBXBuildFile; fileRef = 9F3A84522BDD97E1005EFCF6 /* ActivityDetails.swift */; };
		9F3A84572BDDADE4005EFCF6 /* CloseMapView.swift in Sources */ = {isa = PBXBuildFile; fileRef = 9F3A84562BDDADE4005EFCF6 /* CloseMapView.swift */; };
		9F3A84592BDDC2AB005EFCF6 /* Memories.swift in Sources */ = {isa = PBXBuildFile; fileRef = 9F3A84582BDDC2AB005EFCF6 /* Memories.swift */; };
		9F63EE142BEFFA8A00E9A569 /* ActivitiesViewModel.swift in Sources */ = {isa = PBXBuildFile; fileRef = 9F63EE132BEFFA8A00E9A569 /* ActivitiesViewModel.swift */; };
		9F63EE522BF0116900E9A569 /* AddMemory.swift in Sources */ = {isa = PBXBuildFile; fileRef = 9F63EE512BF0116900E9A569 /* AddMemory.swift */; };
		9F63EE542BF011B300E9A569 /* MemoriesData.json in Resources */ = {isa = PBXBuildFile; fileRef = 9F63EE532BF011B300E9A569 /* MemoriesData.json */; };
		9F63EE562BF0146D00E9A569 /* Memory.swift in Sources */ = {isa = PBXBuildFile; fileRef = 9F63EE552BF0146D00E9A569 /* Memory.swift */; };
		9F63EE5A2BF0225400E9A569 /* ImagePicker.swift in Sources */ = {isa = PBXBuildFile; fileRef = 9F63EE592BF0225400E9A569 /* ImagePicker.swift */; };
		9F63EE5C2BF02E4800E9A569 /* MemoryDetail.swift in Sources */ = {isa = PBXBuildFile; fileRef = 9F63EE5B2BF02E4800E9A569 /* MemoryDetail.swift */; };
		9FA4A38E2BD7035B005FDFB0 /* RoamRaveApp.swift in Sources */ = {isa = PBXBuildFile; fileRef = 9FA4A38D2BD7035B005FDFB0 /* RoamRaveApp.swift */; };
		9FA4A3902BD7035B005FDFB0 /* ContentView.swift in Sources */ = {isa = PBXBuildFile; fileRef = 9FA4A38F2BD7035B005FDFB0 /* ContentView.swift */; };
		9FA4A3922BD7035C005FDFB0 /* Assets.xcassets in Resources */ = {isa = PBXBuildFile; fileRef = 9FA4A3912BD7035C005FDFB0 /* Assets.xcassets */; };
		9FA4A3952BD7035C005FDFB0 /* Preview Assets.xcassets in Resources */ = {isa = PBXBuildFile; fileRef = 9FA4A3942BD7035C005FDFB0 /* Preview Assets.xcassets */; };
		9FA4A39F2BD7035C005FDFB0 /* RoamRaveTests.swift in Sources */ = {isa = PBXBuildFile; fileRef = 9FA4A39E2BD7035C005FDFB0 /* RoamRaveTests.swift */; };
		9FA4A3A92BD7035C005FDFB0 /* RoamRaveUITests.swift in Sources */ = {isa = PBXBuildFile; fileRef = 9FA4A3A82BD7035C005FDFB0 /* RoamRaveUITests.swift */; };
		9FA4A3AB2BD7035C005FDFB0 /* RoamRaveUITestsLaunchTests.swift in Sources */ = {isa = PBXBuildFile; fileRef = 9FA4A3AA2BD7035C005FDFB0 /* RoamRaveUITestsLaunchTests.swift */; };
		9FA4A3F62BD8B59F005FDFB0 /* MapView.swift in Sources */ = {isa = PBXBuildFile; fileRef = 9FA4A3F52BD8B59F005FDFB0 /* MapView.swift */; };
		9FA4A3FA2BD9F7AD005FDFB0 /* Menu.swift in Sources */ = {isa = PBXBuildFile; fileRef = 9FA4A3F92BD9F7AD005FDFB0 /* Menu.swift */; };
		9FA4A3FE2BDB9EA1005FDFB0 /* FormsView.swift in Sources */ = {isa = PBXBuildFile; fileRef = 9FA4A3FD2BDB9EA1005FDFB0 /* FormsView.swift */; };
/* End PBXBuildFile section */

/* Begin PBXContainerItemProxy section */
		9FA4A39B2BD7035C005FDFB0 /* PBXContainerItemProxy */ = {
			isa = PBXContainerItemProxy;
			containerPortal = 9FA4A3822BD7035B005FDFB0 /* Project object */;
			proxyType = 1;
			remoteGlobalIDString = 9FA4A3892BD7035B005FDFB0;
			remoteInfo = RoamRave;
		};
		9FA4A3A52BD7035C005FDFB0 /* PBXContainerItemProxy */ = {
			isa = PBXContainerItemProxy;
			containerPortal = 9FA4A3822BD7035B005FDFB0 /* Project object */;
			proxyType = 1;
			remoteGlobalIDString = 9FA4A3892BD7035B005FDFB0;
			remoteInfo = RoamRave;
		};
/* End PBXContainerItemProxy section */

/* Begin PBXFileReference section */
		9F325B2B2C0629040057627E /* Info.plist */ = {isa = PBXFileReference; lastKnownFileType = text.plist; path = Info.plist; sourceTree = "<group>"; };
		9F325B2E2C0632860057627E /* PhotoLibraryPicker.swift */ = {isa = PBXFileReference; lastKnownFileType = sourcecode.swift; path = PhotoLibraryPicker.swift; sourceTree = "<group>"; };
		9F325B302C0632BE0057627E /* CameraPicker.swift */ = {isa = PBXFileReference; lastKnownFileType = sourcecode.swift; path = CameraPicker.swift; sourceTree = "<group>"; };
		9F3A844A2BDD9144005EFCF6 /* Activities.swift */ = {isa = PBXFileReference; lastKnownFileType = sourcecode.swift; path = Activities.swift; sourceTree = "<group>"; };
		9F3A844E2BDD94D8005EFCF6 /* Favorites.swift */ = {isa = PBXFileReference; lastKnownFileType = sourcecode.swift; path = Favorites.swift; sourceTree = "<group>"; };
		9F3A84522BDD97E1005EFCF6 /* ActivityDetails.swift */ = {isa = PBXFileReference; lastKnownFileType = sourcecode.swift; path = ActivityDetails.swift; sourceTree = "<group>"; };
		9F3A84542BDDA897005EFCF6 /* ActivitiesData.json */ = {isa = PBXFileReference; fileEncoding = 4; lastKnownFileType = text.json; path = ActivitiesData.json; sourceTree = "<group>"; };
		9F3A84562BDDADE4005EFCF6 /* CloseMapView.swift */ = {isa = PBXFileReference; lastKnownFileType = sourcecode.swift; path = CloseMapView.swift; sourceTree = "<group>"; };
		9F3A84582BDDC2AB005EFCF6 /* Memories.swift */ = {isa = PBXFileReference; lastKnownFileType = sourcecode.swift; path = Memories.swift; sourceTree = "<group>"; };
		9F63EE132BEFFA8A00E9A569 /* ActivitiesViewModel.swift */ = {isa = PBXFileReference; lastKnownFileType = sourcecode.swift; path = ActivitiesViewModel.swift; sourceTree = "<group>"; };
		9F63EE512BF0116900E9A569 /* AddMemory.swift */ = {isa = PBXFileReference; lastKnownFileType = sourcecode.swift; path = AddMemory.swift; sourceTree = "<group>"; };
		9F63EE532BF011B300E9A569 /* MemoriesData.json */ = {isa = PBXFileReference; fileEncoding = 4; lastKnownFileType = text.json; path = MemoriesData.json; sourceTree = "<group>"; };
		9F63EE552BF0146D00E9A569 /* Memory.swift */ = {isa = PBXFileReference; lastKnownFileType = sourcecode.swift; path = Memory.swift; sourceTree = "<group>"; };
		9F63EE592BF0225400E9A569 /* ImagePicker.swift */ = {isa = PBXFileReference; lastKnownFileType = sourcecode.swift; path = ImagePicker.swift; sourceTree = "<group>"; };
		9F63EE5B2BF02E4800E9A569 /* MemoryDetail.swift */ = {isa = PBXFileReference; lastKnownFileType = sourcecode.swift; path = MemoryDetail.swift; sourceTree = "<group>"; };
		9FA4A38A2BD7035B005FDFB0 /* RoamRave.app */ = {isa = PBXFileReference; explicitFileType = wrapper.application; includeInIndex = 0; path = RoamRave.app; sourceTree = BUILT_PRODUCTS_DIR; };
		9FA4A38D2BD7035B005FDFB0 /* RoamRaveApp.swift */ = {isa = PBXFileReference; lastKnownFileType = sourcecode.swift; path = RoamRaveApp.swift; sourceTree = "<group>"; };
		9FA4A38F2BD7035B005FDFB0 /* ContentView.swift */ = {isa = PBXFileReference; lastKnownFileType = sourcecode.swift; path = ContentView.swift; sourceTree = "<group>"; };
		9FA4A3912BD7035C005FDFB0 /* Assets.xcassets */ = {isa = PBXFileReference; lastKnownFileType = folder.assetcatalog; path = Assets.xcassets; sourceTree = "<group>"; };
		9FA4A3942BD7035C005FDFB0 /* Preview Assets.xcassets */ = {isa = PBXFileReference; lastKnownFileType = folder.assetcatalog; path = "Preview Assets.xcassets"; sourceTree = "<group>"; };
		9FA4A39A2BD7035C005FDFB0 /* RoamRaveTests.xctest */ = {isa = PBXFileReference; explicitFileType = wrapper.cfbundle; includeInIndex = 0; path = RoamRaveTests.xctest; sourceTree = BUILT_PRODUCTS_DIR; };
		9FA4A39E2BD7035C005FDFB0 /* RoamRaveTests.swift */ = {isa = PBXFileReference; lastKnownFileType = sourcecode.swift; path = RoamRaveTests.swift; sourceTree = "<group>"; };
		9FA4A3A42BD7035C005FDFB0 /* RoamRaveUITests.xctest */ = {isa = PBXFileReference; explicitFileType = wrapper.cfbundle; includeInIndex = 0; path = RoamRaveUITests.xctest; sourceTree = BUILT_PRODUCTS_DIR; };
		9FA4A3A82BD7035C005FDFB0 /* RoamRaveUITests.swift */ = {isa = PBXFileReference; lastKnownFileType = sourcecode.swift; path = RoamRaveUITests.swift; sourceTree = "<group>"; };
		9FA4A3AA2BD7035C005FDFB0 /* RoamRaveUITestsLaunchTests.swift */ = {isa = PBXFileReference; lastKnownFileType = sourcecode.swift; path = RoamRaveUITestsLaunchTests.swift; sourceTree = "<group>"; };
		9FA4A3F52BD8B59F005FDFB0 /* MapView.swift */ = {isa = PBXFileReference; lastKnownFileType = sourcecode.swift; path = MapView.swift; sourceTree = "<group>"; };
		9FA4A3F92BD9F7AD005FDFB0 /* Menu.swift */ = {isa = PBXFileReference; lastKnownFileType = sourcecode.swift; path = Menu.swift; sourceTree = "<group>"; };
		9FA4A3FD2BDB9EA1005FDFB0 /* FormsView.swift */ = {isa = PBXFileReference; lastKnownFileType = sourcecode.swift; path = FormsView.swift; sourceTree = "<group>"; };
/* End PBXFileReference section */

/* Begin PBXFrameworksBuildPhase section */
		9FA4A3872BD7035B005FDFB0 /* Frameworks */ = {
			isa = PBXFrameworksBuildPhase;
			buildActionMask = 2147483647;
			files = (
			);
			runOnlyForDeploymentPostprocessing = 0;
		};
		9FA4A3972BD7035C005FDFB0 /* Frameworks */ = {
			isa = PBXFrameworksBuildPhase;
			buildActionMask = 2147483647;
			files = (
			);
			runOnlyForDeploymentPostprocessing = 0;
		};
		9FA4A3A12BD7035C005FDFB0 /* Frameworks */ = {
			isa = PBXFrameworksBuildPhase;
			buildActionMask = 2147483647;
			files = (
			);
			runOnlyForDeploymentPostprocessing = 0;
		};
/* End PBXFrameworksBuildPhase section */

/* Begin PBXGroup section */
		9FA4A3812BD7035B005FDFB0 = {
			isa = PBXGroup;
			children = (
				9FA4A38C2BD7035B005FDFB0 /* RoamRave */,
				9FA4A39D2BD7035C005FDFB0 /* RoamRaveTests */,
				9FA4A3A72BD7035C005FDFB0 /* RoamRaveUITests */,
				9FA4A38B2BD7035B005FDFB0 /* Products */,
			);
			sourceTree = "<group>";
		};
		9FA4A38B2BD7035B005FDFB0 /* Products */ = {
			isa = PBXGroup;
			children = (
				9FA4A38A2BD7035B005FDFB0 /* RoamRave.app */,
				9FA4A39A2BD7035C005FDFB0 /* RoamRaveTests.xctest */,
				9FA4A3A42BD7035C005FDFB0 /* RoamRaveUITests.xctest */,
			);
			name = Products;
			sourceTree = "<group>";
		};
		9FA4A38C2BD7035B005FDFB0 /* RoamRave */ = {
			isa = PBXGroup;
			children = (
				9F325B2B2C0629040057627E /* Info.plist */,
				9F63EE512BF0116900E9A569 /* AddMemory.swift */,
				9F63EE592BF0225400E9A569 /* ImagePicker.swift */,
				9F325B2E2C0632860057627E /* PhotoLibraryPicker.swift */,
				9F325B302C0632BE0057627E /* CameraPicker.swift */,
				9FA4A38D2BD7035B005FDFB0 /* RoamRaveApp.swift */,
				9FA4A3FD2BDB9EA1005FDFB0 /* FormsView.swift */,
				9FA4A38F2BD7035B005FDFB0 /* ContentView.swift */,
				9F3A84582BDDC2AB005EFCF6 /* Memories.swift */,
				9F63EE5B2BF02E4800E9A569 /* MemoryDetail.swift */,
				9F3A84542BDDA897005EFCF6 /* ActivitiesData.json */,
				9F63EE532BF011B300E9A569 /* MemoriesData.json */,
				9FA4A3F92BD9F7AD005FDFB0 /* Menu.swift */,
				9F3A844A2BDD9144005EFCF6 /* Activities.swift */,
				9F63EE552BF0146D00E9A569 /* Memory.swift */,
				9F3A844E2BDD94D8005EFCF6 /* Favorites.swift */,
				9F3A84522BDD97E1005EFCF6 /* ActivityDetails.swift */,
				9F63EE132BEFFA8A00E9A569 /* ActivitiesViewModel.swift */,
				9FA4A3F52BD8B59F005FDFB0 /* MapView.swift */,
				9F3A84562BDDADE4005EFCF6 /* CloseMapView.swift */,
				9FA4A3912BD7035C005FDFB0 /* Assets.xcassets */,
				9FA4A3932BD7035C005FDFB0 /* Preview Content */,
			);
			path = RoamRave;
			sourceTree = "<group>";
		};
		9FA4A3932BD7035C005FDFB0 /* Preview Content */ = {
			isa = PBXGroup;
			children = (
				9FA4A3942BD7035C005FDFB0 /* Preview Assets.xcassets */,
			);
			path = "Preview Content";
			sourceTree = "<group>";
		};
		9FA4A39D2BD7035C005FDFB0 /* RoamRaveTests */ = {
			isa = PBXGroup;
			children = (
				9FA4A39E2BD7035C005FDFB0 /* RoamRaveTests.swift */,
			);
			path = RoamRaveTests;
			sourceTree = "<group>";
		};
		9FA4A3A72BD7035C005FDFB0 /* RoamRaveUITests */ = {
			isa = PBXGroup;
			children = (
				9FA4A3A82BD7035C005FDFB0 /* RoamRaveUITests.swift */,
				9FA4A3AA2BD7035C005FDFB0 /* RoamRaveUITestsLaunchTests.swift */,
			);
			path = RoamRaveUITests;
			sourceTree = "<group>";
		};
/* End PBXGroup section */

/* Begin PBXNativeTarget section */
		9FA4A3892BD7035B005FDFB0 /* RoamRave */ = {
			isa = PBXNativeTarget;
			buildConfigurationList = 9FA4A3AE2BD7035C005FDFB0 /* Build configuration list for PBXNativeTarget "RoamRave" */;
			buildPhases = (
				9FA4A3862BD7035B005FDFB0 /* Sources */,
				9FA4A3872BD7035B005FDFB0 /* Frameworks */,
				9FA4A3882BD7035B005FDFB0 /* Resources */,
			);
			buildRules = (
			);
			dependencies = (
			);
			name = RoamRave;
			productName = RoamRave;
			productReference = 9FA4A38A2BD7035B005FDFB0 /* RoamRave.app */;
			productType = "com.apple.product-type.application";
		};
		9FA4A3992BD7035C005FDFB0 /* RoamRaveTests */ = {
			isa = PBXNativeTarget;
			buildConfigurationList = 9FA4A3B12BD7035C005FDFB0 /* Build configuration list for PBXNativeTarget "RoamRaveTests" */;
			buildPhases = (
				9FA4A3962BD7035C005FDFB0 /* Sources */,
				9FA4A3972BD7035C005FDFB0 /* Frameworks */,
				9FA4A3982BD7035C005FDFB0 /* Resources */,
			);
			buildRules = (
			);
			dependencies = (
				9FA4A39C2BD7035C005FDFB0 /* PBXTargetDependency */,
			);
			name = RoamRaveTests;
			productName = RoamRaveTests;
			productReference = 9FA4A39A2BD7035C005FDFB0 /* RoamRaveTests.xctest */;
			productType = "com.apple.product-type.bundle.unit-test";
		};
		9FA4A3A32BD7035C005FDFB0 /* RoamRaveUITests */ = {
			isa = PBXNativeTarget;
			buildConfigurationList = 9FA4A3B42BD7035C005FDFB0 /* Build configuration list for PBXNativeTarget "RoamRaveUITests" */;
			buildPhases = (
				9FA4A3A02BD7035C005FDFB0 /* Sources */,
				9FA4A3A12BD7035C005FDFB0 /* Frameworks */,
				9FA4A3A22BD7035C005FDFB0 /* Resources */,
			);
			buildRules = (
			);
			dependencies = (
				9FA4A3A62BD7035C005FDFB0 /* PBXTargetDependency */,
			);
			name = RoamRaveUITests;
			productName = RoamRaveUITests;
			productReference = 9FA4A3A42BD7035C005FDFB0 /* RoamRaveUITests.xctest */;
			productType = "com.apple.product-type.bundle.ui-testing";
		};
/* End PBXNativeTarget section */

/* Begin PBXProject section */
		9FA4A3822BD7035B005FDFB0 /* Project object */ = {
			isa = PBXProject;
			attributes = {
				BuildIndependentTargetsInParallel = 1;
				LastSwiftUpdateCheck = 1530;
				LastUpgradeCheck = 1530;
				TargetAttributes = {
					9FA4A3892BD7035B005FDFB0 = {
						CreatedOnToolsVersion = 15.3;
					};
					9FA4A3992BD7035C005FDFB0 = {
						CreatedOnToolsVersion = 15.3;
						TestTargetID = 9FA4A3892BD7035B005FDFB0;
					};
					9FA4A3A32BD7035C005FDFB0 = {
						CreatedOnToolsVersion = 15.3;
						TestTargetID = 9FA4A3892BD7035B005FDFB0;
					};
				};
			};
			buildConfigurationList = 9FA4A3852BD7035B005FDFB0 /* Build configuration list for PBXProject "RoamRave" */;
			compatibilityVersion = "Xcode 14.0";
			developmentRegion = en;
			hasScannedForEncodings = 0;
			knownRegions = (
				en,
				Base,
			);
			mainGroup = 9FA4A3812BD7035B005FDFB0;
			productRefGroup = 9FA4A38B2BD7035B005FDFB0 /* Products */;
			projectDirPath = "";
			projectRoot = "";
			targets = (
				9FA4A3892BD7035B005FDFB0 /* RoamRave */,
				9FA4A3992BD7035C005FDFB0 /* RoamRaveTests */,
				9FA4A3A32BD7035C005FDFB0 /* RoamRaveUITests */,
			);
		};
/* End PBXProject section */

/* Begin PBXResourcesBuildPhase section */
		9FA4A3882BD7035B005FDFB0 /* Resources */ = {
			isa = PBXResourcesBuildPhase;
			buildActionMask = 2147483647;
			files = (
				9F325B2A2C05A1A60057627E /* ActivitiesData.json in Resources */,
				9F63EE542BF011B300E9A569 /* MemoriesData.json in Resources */,
				9FA4A3952BD7035C005FDFB0 /* Preview Assets.xcassets in Resources */,
				9FA4A3922BD7035C005FDFB0 /* Assets.xcassets in Resources */,
			);
			runOnlyForDeploymentPostprocessing = 0;
		};
		9FA4A3982BD7035C005FDFB0 /* Resources */ = {
			isa = PBXResourcesBuildPhase;
			buildActionMask = 2147483647;
			files = (
			);
			runOnlyForDeploymentPostprocessing = 0;
		};
		9FA4A3A22BD7035C005FDFB0 /* Resources */ = {
			isa = PBXResourcesBuildPhase;
			buildActionMask = 2147483647;
			files = (
			);
			runOnlyForDeploymentPostprocessing = 0;
		};
/* End PBXResourcesBuildPhase section */

/* Begin PBXSourcesBuildPhase section */
		9FA4A3862BD7035B005FDFB0 /* Sources */ = {
			isa = PBXSourcesBuildPhase;
			buildActionMask = 2147483647;
			files = (
				9F325B2F2C0632860057627E /* PhotoLibraryPicker.swift in Sources */,
				9F325B312C0632BE0057627E /* CameraPicker.swift in Sources */,
				9F3A84572BDDADE4005EFCF6 /* CloseMapView.swift in Sources */,
				9FA4A3FE2BDB9EA1005FDFB0 /* FormsView.swift in Sources */,
				9FA4A3902BD7035B005FDFB0 /* ContentView.swift in Sources */,
				9F63EE562BF0146D00E9A569 /* Memory.swift in Sources */,
				9F63EE5C2BF02E4800E9A569 /* MemoryDetail.swift in Sources */,
				9F3A844B2BDD9144005EFCF6 /* Activities.swift in Sources */,
				9FA4A3F62BD8B59F005FDFB0 /* MapView.swift in Sources */,
				9F63EE142BEFFA8A00E9A569 /* ActivitiesViewModel.swift in Sources */,
				9FA4A3FA2BD9F7AD005FDFB0 /* Menu.swift in Sources */,
				9F3A844F2BDD94D8005EFCF6 /* Favorites.swift in Sources */,
				9FA4A38E2BD7035B005FDFB0 /* RoamRaveApp.swift in Sources */,
				9F63EE522BF0116900E9A569 /* AddMemory.swift in Sources */,
				9F63EE5A2BF0225400E9A569 /* ImagePicker.swift in Sources */,
				9F3A84592BDDC2AB005EFCF6 /* Memories.swift in Sources */,
				9F3A84532BDD97E1005EFCF6 /* ActivityDetails.swift in Sources */,
			);
			runOnlyForDeploymentPostprocessing = 0;
		};
		9FA4A3962BD7035C005FDFB0 /* Sources */ = {
			isa = PBXSourcesBuildPhase;
			buildActionMask = 2147483647;
			files = (
				9FA4A39F2BD7035C005FDFB0 /* RoamRaveTests.swift in Sources */,
			);
			runOnlyForDeploymentPostprocessing = 0;
		};
		9FA4A3A02BD7035C005FDFB0 /* Sources */ = {
			isa = PBXSourcesBuildPhase;
			buildActionMask = 2147483647;
			files = (
				9FA4A3AB2BD7035C005FDFB0 /* RoamRaveUITestsLaunchTests.swift in Sources */,
				9FA4A3A92BD7035C005FDFB0 /* RoamRaveUITests.swift in Sources */,
			);
			runOnlyForDeploymentPostprocessing = 0;
		};
/* End PBXSourcesBuildPhase section */

/* Begin PBXTargetDependency section */
		9FA4A39C2BD7035C005FDFB0 /* PBXTargetDependency */ = {
			isa = PBXTargetDependency;
			target = 9FA4A3892BD7035B005FDFB0 /* RoamRave */;
			targetProxy = 9FA4A39B2BD7035C005FDFB0 /* PBXContainerItemProxy */;
		};
		9FA4A3A62BD7035C005FDFB0 /* PBXTargetDependency */ = {
			isa = PBXTargetDependency;
			target = 9FA4A3892BD7035B005FDFB0 /* RoamRave */;
			targetProxy = 9FA4A3A52BD7035C005FDFB0 /* PBXContainerItemProxy */;
		};
/* End PBXTargetDependency section */

/* Begin XCBuildConfiguration section */
		9FA4A3AC2BD7035C005FDFB0 /* Debug */ = {
			isa = XCBuildConfiguration;
			buildSettings = {
				ALWAYS_SEARCH_USER_PATHS = NO;
				ASSETCATALOG_COMPILER_GENERATE_SWIFT_ASSET_SYMBOL_EXTENSIONS = YES;
				CLANG_ANALYZER_NONNULL = YES;
				CLANG_ANALYZER_NUMBER_OBJECT_CONVERSION = YES_AGGRESSIVE;
				CLANG_CXX_LANGUAGE_STANDARD = "gnu++20";
				CLANG_ENABLE_MODULES = YES;
				CLANG_ENABLE_OBJC_ARC = YES;
				CLANG_ENABLE_OBJC_WEAK = YES;
				CLANG_WARN_BLOCK_CAPTURE_AUTORELEASING = YES;
				CLANG_WARN_BOOL_CONVERSION = YES;
				CLANG_WARN_COMMA = YES;
				CLANG_WARN_CONSTANT_CONVERSION = YES;
				CLANG_WARN_DEPRECATED_OBJC_IMPLEMENTATIONS = YES;
				CLANG_WARN_DIRECT_OBJC_ISA_USAGE = YES_ERROR;
				CLANG_WARN_DOCUMENTATION_COMMENTS = YES;
				CLANG_WARN_EMPTY_BODY = YES;
				CLANG_WARN_ENUM_CONVERSION = YES;
				CLANG_WARN_INFINITE_RECURSION = YES;
				CLANG_WARN_INT_CONVERSION = YES;
				CLANG_WARN_NON_LITERAL_NULL_CONVERSION = YES;
				CLANG_WARN_OBJC_IMPLICIT_RETAIN_SELF = YES;
				CLANG_WARN_OBJC_LITERAL_CONVERSION = YES;
				CLANG_WARN_OBJC_ROOT_CLASS = YES_ERROR;
				CLANG_WARN_QUOTED_INCLUDE_IN_FRAMEWORK_HEADER = YES;
				CLANG_WARN_RANGE_LOOP_ANALYSIS = YES;
				CLANG_WARN_STRICT_PROTOTYPES = YES;
				CLANG_WARN_SUSPICIOUS_MOVE = YES;
				CLANG_WARN_UNGUARDED_AVAILABILITY = YES_AGGRESSIVE;
				CLANG_WARN_UNREACHABLE_CODE = YES;
				CLANG_WARN__DUPLICATE_METHOD_MATCH = YES;
				COPY_PHASE_STRIP = NO;
				DEBUG_INFORMATION_FORMAT = dwarf;
				ENABLE_STRICT_OBJC_MSGSEND = YES;
				ENABLE_TESTABILITY = YES;
				ENABLE_USER_SCRIPT_SANDBOXING = YES;
				GCC_C_LANGUAGE_STANDARD = gnu17;
				GCC_DYNAMIC_NO_PIC = NO;
				GCC_NO_COMMON_BLOCKS = YES;
				GCC_OPTIMIZATION_LEVEL = 0;
				GCC_PREPROCESSOR_DEFINITIONS = (
					"DEBUG=1",
					"$(inherited)",
				);
				GCC_WARN_64_TO_32_BIT_CONVERSION = YES;
				GCC_WARN_ABOUT_RETURN_TYPE = YES_ERROR;
				GCC_WARN_UNDECLARED_SELECTOR = YES;
				GCC_WARN_UNINITIALIZED_AUTOS = YES_AGGRESSIVE;
				GCC_WARN_UNUSED_FUNCTION = YES;
				GCC_WARN_UNUSED_VARIABLE = YES;
				IPHONEOS_DEPLOYMENT_TARGET = 17.4;
				LOCALIZATION_PREFERS_STRING_CATALOGS = YES;
				MTL_ENABLE_DEBUG_INFO = INCLUDE_SOURCE;
				MTL_FAST_MATH = YES;
				ONLY_ACTIVE_ARCH = YES;
				SDKROOT = iphoneos;
				SWIFT_ACTIVE_COMPILATION_CONDITIONS = "DEBUG $(inherited)";
				SWIFT_OPTIMIZATION_LEVEL = "-Onone";
			};
			name = Debug;
		};
		9FA4A3AD2BD7035C005FDFB0 /* Release */ = {
			isa = XCBuildConfiguration;
			buildSettings = {
				ALWAYS_SEARCH_USER_PATHS = NO;
				ASSETCATALOG_COMPILER_GENERATE_SWIFT_ASSET_SYMBOL_EXTENSIONS = YES;
				CLANG_ANALYZER_NONNULL = YES;
				CLANG_ANALYZER_NUMBER_OBJECT_CONVERSION = YES_AGGRESSIVE;
				CLANG_CXX_LANGUAGE_STANDARD = "gnu++20";
				CLANG_ENABLE_MODULES = YES;
				CLANG_ENABLE_OBJC_ARC = YES;
				CLANG_ENABLE_OBJC_WEAK = YES;
				CLANG_WARN_BLOCK_CAPTURE_AUTORELEASING = YES;
				CLANG_WARN_BOOL_CONVERSION = YES;
				CLANG_WARN_COMMA = YES;
				CLANG_WARN_CONSTANT_CONVERSION = YES;
				CLANG_WARN_DEPRECATED_OBJC_IMPLEMENTATIONS = YES;
				CLANG_WARN_DIRECT_OBJC_ISA_USAGE = YES_ERROR;
				CLANG_WARN_DOCUMENTATION_COMMENTS = YES;
				CLANG_WARN_EMPTY_BODY = YES;
				CLANG_WARN_ENUM_CONVERSION = YES;
				CLANG_WARN_INFINITE_RECURSION = YES;
				CLANG_WARN_INT_CONVERSION = YES;
				CLANG_WARN_NON_LITERAL_NULL_CONVERSION = YES;
				CLANG_WARN_OBJC_IMPLICIT_RETAIN_SELF = YES;
				CLANG_WARN_OBJC_LITERAL_CONVERSION = YES;
				CLANG_WARN_OBJC_ROOT_CLASS = YES_ERROR;
				CLANG_WARN_QUOTED_INCLUDE_IN_FRAMEWORK_HEADER = YES;
				CLANG_WARN_RANGE_LOOP_ANALYSIS = YES;
				CLANG_WARN_STRICT_PROTOTYPES = YES;
				CLANG_WARN_SUSPICIOUS_MOVE = YES;
				CLANG_WARN_UNGUARDED_AVAILABILITY = YES_AGGRESSIVE;
				CLANG_WARN_UNREACHABLE_CODE = YES;
				CLANG_WARN__DUPLICATE_METHOD_MATCH = YES;
				COPY_PHASE_STRIP = NO;
				DEBUG_INFORMATION_FORMAT = "dwarf-with-dsym";
				ENABLE_NS_ASSERTIONS = NO;
				ENABLE_STRICT_OBJC_MSGSEND = YES;
				ENABLE_USER_SCRIPT_SANDBOXING = YES;
				GCC_C_LANGUAGE_STANDARD = gnu17;
				GCC_NO_COMMON_BLOCKS = YES;
				GCC_WARN_64_TO_32_BIT_CONVERSION = YES;
				GCC_WARN_ABOUT_RETURN_TYPE = YES_ERROR;
				GCC_WARN_UNDECLARED_SELECTOR = YES;
				GCC_WARN_UNINITIALIZED_AUTOS = YES_AGGRESSIVE;
				GCC_WARN_UNUSED_FUNCTION = YES;
				GCC_WARN_UNUSED_VARIABLE = YES;
				IPHONEOS_DEPLOYMENT_TARGET = 17.4;
				LOCALIZATION_PREFERS_STRING_CATALOGS = YES;
				MTL_ENABLE_DEBUG_INFO = NO;
				MTL_FAST_MATH = YES;
				SDKROOT = iphoneos;
				SWIFT_COMPILATION_MODE = wholemodule;
				VALIDATE_PRODUCT = YES;
			};
			name = Release;
		};
		9FA4A3AF2BD7035C005FDFB0 /* Debug */ = {
			isa = XCBuildConfiguration;
			buildSettings = {
				ASSETCATALOG_COMPILER_APPICON_NAME = AppIcon;
				ASSETCATALOG_COMPILER_GLOBAL_ACCENT_COLOR_NAME = AccentColor;
				CODE_SIGN_STYLE = Automatic;
				CURRENT_PROJECT_VERSION = 1;
				DEVELOPMENT_ASSET_PATHS = "\"RoamRave/Preview Content\"";
				DEVELOPMENT_TEAM = 7B88TW2LBL;
				ENABLE_PREVIEWS = YES;
				GENERATE_INFOPLIST_FILE = YES;
				INFOPLIST_FILE = RoamRave/Info.plist;
				INFOPLIST_KEY_NSCameraUsageDescription = "Accessing Camera";
				INFOPLIST_KEY_UIApplicationSceneManifest_Generation = YES;
				INFOPLIST_KEY_UIApplicationSupportsIndirectInputEvents = YES;
				INFOPLIST_KEY_UILaunchScreen_Generation = YES;
				INFOPLIST_KEY_UISupportedInterfaceOrientations_iPad = "UIInterfaceOrientationPortrait UIInterfaceOrientationPortraitUpsideDown UIInterfaceOrientationLandscapeLeft UIInterfaceOrientationLandscapeRight";
				INFOPLIST_KEY_UISupportedInterfaceOrientations_iPhone = "UIInterfaceOrientationPortrait UIInterfaceOrientationLandscapeLeft UIInterfaceOrientationLandscapeRight";
				LD_RUNPATH_SEARCH_PATHS = (
					"$(inherited)",
					"@executable_path/Frameworks",
				);
				MARKETING_VERSION = 1.0;
				PRODUCT_BUNDLE_IDENTIFIER = MariRosenwald.RoamRave;
				PRODUCT_NAME = "$(TARGET_NAME)";
				SWIFT_EMIT_LOC_STRINGS = YES;
				SWIFT_VERSION = 5.0;
				TARGETED_DEVICE_FAMILY = "1,2";
			};
			name = Debug;
		};
		9FA4A3B02BD7035C005FDFB0 /* Release */ = {
			isa = XCBuildConfiguration;
			buildSettings = {
				ASSETCATALOG_COMPILER_APPICON_NAME = AppIcon;
				ASSETCATALOG_COMPILER_GLOBAL_ACCENT_COLOR_NAME = AccentColor;
				CODE_SIGN_STYLE = Automatic;
				CURRENT_PROJECT_VERSION = 1;
				DEVELOPMENT_ASSET_PATHS = "\"RoamRave/Preview Content\"";
				DEVELOPMENT_TEAM = 7B88TW2LBL;
				ENABLE_PREVIEWS = YES;
				GENERATE_INFOPLIST_FILE = YES;
				INFOPLIST_FILE = RoamRave/Info.plist;
				INFOPLIST_KEY_NSCameraUsageDescription = "Accessing Camera";
				INFOPLIST_KEY_UIApplicationSceneManifest_Generation = YES;
				INFOPLIST_KEY_UIApplicationSupportsIndirectInputEvents = YES;
				INFOPLIST_KEY_UILaunchScreen_Generation = YES;
				INFOPLIST_KEY_UISupportedInterfaceOrientations_iPad = "UIInterfaceOrientationPortrait UIInterfaceOrientationPortraitUpsideDown UIInterfaceOrientationLandscapeLeft UIInterfaceOrientationLandscapeRight";
				INFOPLIST_KEY_UISupportedInterfaceOrientations_iPhone = "UIInterfaceOrientationPortrait UIInterfaceOrientationLandscapeLeft UIInterfaceOrientationLandscapeRight";
				LD_RUNPATH_SEARCH_PATHS = (
					"$(inherited)",
					"@executable_path/Frameworks",
				);
				MARKETING_VERSION = 1.0;
				PRODUCT_BUNDLE_IDENTIFIER = MariRosenwald.RoamRave;
				PRODUCT_NAME = "$(TARGET_NAME)";
				SWIFT_EMIT_LOC_STRINGS = YES;
				SWIFT_VERSION = 5.0;
				TARGETED_DEVICE_FAMILY = "1,2";
			};
			name = Release;
		};
		9FA4A3B22BD7035C005FDFB0 /* Debug */ = {
			isa = XCBuildConfiguration;
			buildSettings = {
				ALWAYS_EMBED_SWIFT_STANDARD_LIBRARIES = YES;
				BUNDLE_LOADER = "$(TEST_HOST)";
				CODE_SIGN_STYLE = Automatic;
				CURRENT_PROJECT_VERSION = 1;
				GENERATE_INFOPLIST_FILE = YES;
				IPHONEOS_DEPLOYMENT_TARGET = 17.4;
				MARKETING_VERSION = 1.0;
				PRODUCT_BUNDLE_IDENTIFIER = MariRosenwald.RoamRaveTests;
				PRODUCT_NAME = "$(TARGET_NAME)";
				SWIFT_EMIT_LOC_STRINGS = NO;
				SWIFT_VERSION = 5.0;
				TARGETED_DEVICE_FAMILY = "1,2";
				TEST_HOST = "$(BUILT_PRODUCTS_DIR)/RoamRave.app/$(BUNDLE_EXECUTABLE_FOLDER_PATH)/RoamRave";
			};
			name = Debug;
		};
		9FA4A3B32BD7035C005FDFB0 /* Release */ = {
			isa = XCBuildConfiguration;
			buildSettings = {
				ALWAYS_EMBED_SWIFT_STANDARD_LIBRARIES = YES;
				BUNDLE_LOADER = "$(TEST_HOST)";
				CODE_SIGN_STYLE = Automatic;
				CURRENT_PROJECT_VERSION = 1;
				GENERATE_INFOPLIST_FILE = YES;
				IPHONEOS_DEPLOYMENT_TARGET = 17.4;
				MARKETING_VERSION = 1.0;
				PRODUCT_BUNDLE_IDENTIFIER = MariRosenwald.RoamRaveTests;
				PRODUCT_NAME = "$(TARGET_NAME)";
				SWIFT_EMIT_LOC_STRINGS = NO;
				SWIFT_VERSION = 5.0;
				TARGETED_DEVICE_FAMILY = "1,2";
				TEST_HOST = "$(BUILT_PRODUCTS_DIR)/RoamRave.app/$(BUNDLE_EXECUTABLE_FOLDER_PATH)/RoamRave";
			};
			name = Release;
		};
		9FA4A3B52BD7035C005FDFB0 /* Debug */ = {
			isa = XCBuildConfiguration;
			buildSettings = {
				ALWAYS_EMBED_SWIFT_STANDARD_LIBRARIES = YES;
				CODE_SIGN_STYLE = Automatic;
				CURRENT_PROJECT_VERSION = 1;
				GENERATE_INFOPLIST_FILE = YES;
				MARKETING_VERSION = 1.0;
				PRODUCT_BUNDLE_IDENTIFIER = MariRosenwald.RoamRaveUITests;
				PRODUCT_NAME = "$(TARGET_NAME)";
				SWIFT_EMIT_LOC_STRINGS = NO;
				SWIFT_VERSION = 5.0;
				TARGETED_DEVICE_FAMILY = "1,2";
				TEST_TARGET_NAME = RoamRave;
			};
			name = Debug;
		};
		9FA4A3B62BD7035C005FDFB0 /* Release */ = {
			isa = XCBuildConfiguration;
			buildSettings = {
				ALWAYS_EMBED_SWIFT_STANDARD_LIBRARIES = YES;
				CODE_SIGN_STYLE = Automatic;
				CURRENT_PROJECT_VERSION = 1;
				GENERATE_INFOPLIST_FILE = YES;
				MARKETING_VERSION = 1.0;
				PRODUCT_BUNDLE_IDENTIFIER = MariRosenwald.RoamRaveUITests;
				PRODUCT_NAME = "$(TARGET_NAME)";
				SWIFT_EMIT_LOC_STRINGS = NO;
				SWIFT_VERSION = 5.0;
				TARGETED_DEVICE_FAMILY = "1,2";
				TEST_TARGET_NAME = RoamRave;
			};
			name = Release;
		};
/* End XCBuildConfiguration section */

/* Begin XCConfigurationList section */
		9FA4A3852BD7035B005FDFB0 /* Build configuration list for PBXProject "RoamRave" */ = {
			isa = XCConfigurationList;
			buildConfigurations = (
				9FA4A3AC2BD7035C005FDFB0 /* Debug */,
				9FA4A3AD2BD7035C005FDFB0 /* Release */,
			);
			defaultConfigurationIsVisible = 0;
			defaultConfigurationName = Release;
		};
		9FA4A3AE2BD7035C005FDFB0 /* Build configuration list for PBXNativeTarget "RoamRave" */ = {
			isa = XCConfigurationList;
			buildConfigurations = (
				9FA4A3AF2BD7035C005FDFB0 /* Debug */,
				9FA4A3B02BD7035C005FDFB0 /* Release */,
			);
			defaultConfigurationIsVisible = 0;
			defaultConfigurationName = Release;
		};
		9FA4A3B12BD7035C005FDFB0 /* Build configuration list for PBXNativeTarget "RoamRaveTests" */ = {
			isa = XCConfigurationList;
			buildConfigurations = (
				9FA4A3B22BD7035C005FDFB0 /* Debug */,
				9FA4A3B32BD7035C005FDFB0 /* Release */,
			);
			defaultConfigurationIsVisible = 0;
			defaultConfigurationName = Release;
		};
		9FA4A3B42BD7035C005FDFB0 /* Build configuration list for PBXNativeTarget "RoamRaveUITests" */ = {
			isa = XCConfigurationList;
			buildConfigurations = (
				9FA4A3B52BD7035C005FDFB0 /* Debug */,
				9FA4A3B62BD7035C005FDFB0 /* Release */,
			);
			defaultConfigurationIsVisible = 0;
			defaultConfigurationName = Release;
		};
/* End XCConfigurationList section */
	};
	rootObject = 9FA4A3822BD7035B005FDFB0 /* Project object */;
}
